// !$*UTF8*$!
{
	archiveVersion = 1;
	classes = {
	};
	objectVersion = 56;
	objects = {

/* Begin PBXBuildFile section */
		8011C59C2AF5D64C00292467 /* ChartsSwiperApp.swift in Sources */ = {isa = PBXBuildFile; fileRef = 8011C59B2AF5D64C00292467 /* ChartsSwiperApp.swift */; };
		8011C59E2AF5D64C00292467 /* ContentView.swift in Sources */ = {isa = PBXBuildFile; fileRef = 8011C59D2AF5D64C00292467 /* ContentView.swift */; };
		8011C5A02AF5D64D00292467 /* Assets.xcassets in Resources */ = {isa = PBXBuildFile; fileRef = 8011C59F2AF5D64D00292467 /* Assets.xcassets */; };
		8011C5A32AF5D64D00292467 /* Preview Assets.xcassets in Resources */ = {isa = PBXBuildFile; fileRef = 8011C5A22AF5D64D00292467 /* Preview Assets.xcassets */; };
		8011C5A52AF5D64D00292467 /* Persistence.swift in Sources */ = {isa = PBXBuildFile; fileRef = 8011C5A42AF5D64D00292467 /* Persistence.swift */; };
		8011C5A82AF5D64D00292467 /* ChartsSwiper.xcdatamodeld in Sources */ = {isa = PBXBuildFile; fileRef = 8011C5A62AF5D64D00292467 /* ChartsSwiper.xcdatamodeld */; };
		8011C5B22AF5D64D00292467 /* ChartsSwiperTests.swift in Sources */ = {isa = PBXBuildFile; fileRef = 8011C5B12AF5D64D00292467 /* ChartsSwiperTests.swift */; };
		8011C5BC2AF5D64D00292467 /* ChartsSwiperUITests.swift in Sources */ = {isa = PBXBuildFile; fileRef = 8011C5BB2AF5D64D00292467 /* ChartsSwiperUITests.swift */; };
		8011C5BE2AF5D64D00292467 /* ChartsSwiperUITestsLaunchTests.swift in Sources */ = {isa = PBXBuildFile; fileRef = 8011C5BD2AF5D64D00292467 /* ChartsSwiperUITestsLaunchTests.swift */; };
		8011C5CB2AF5D9FE00292467 /* CardView.swift in Sources */ = {isa = PBXBuildFile; fileRef = 8011C5CA2AF5D9FE00292467 /* CardView.swift */; };
		8011C5CE2AF6471D00292467 /* ViewController.swift in Sources */ = {isa = PBXBuildFile; fileRef = 8011C5CD2AF6471D00292467 /* ViewController.swift */; };
		8011C5D02AF647D100292467 /* ViewModel.swift in Sources */ = {isa = PBXBuildFile; fileRef = 8011C5CF2AF647D100292467 /* ViewModel.swift */; };
		8011C5D32AF6DDCA00292467 /* InvestmentView.swift in Sources */ = {isa = PBXBuildFile; fileRef = 8011C5D22AF6DDCA00292467 /* InvestmentView.swift */; };
		8011C5D52AF6ECE000292467 /* westpac_icon in Resources */ = {isa = PBXBuildFile; fileRef = 8011C5D42AF6ECE000292467 /* westpac_icon */; };
		8011C5D72AF6ED2D00292467 /* westpaccomau-icon.svg in Resources */ = {isa = PBXBuildFile; fileRef = 8011C5D62AF6ED2D00292467 /* westpaccomau-icon.svg */; };
		806845DC2AF71A1A005844EF /* animation_lokporsa.json in Resources */ = {isa = PBXBuildFile; fileRef = 806845DB2AF71A1A005844EF /* animation_lokporsa.json */; };
/* End PBXBuildFile section */

/* Begin PBXContainerItemProxy section */
		8011C5AE2AF5D64D00292467 /* PBXContainerItemProxy */ = {
			isa = PBXContainerItemProxy;
			containerPortal = 8011C5902AF5D64C00292467 /* Project object */;
			proxyType = 1;
			remoteGlobalIDString = 8011C5972AF5D64C00292467;
			remoteInfo = ChartsSwiper;
		};
		8011C5B82AF5D64D00292467 /* PBXContainerItemProxy */ = {
			isa = PBXContainerItemProxy;
			containerPortal = 8011C5902AF5D64C00292467 /* Project object */;
			proxyType = 1;
			remoteGlobalIDString = 8011C5972AF5D64C00292467;
			remoteInfo = ChartsSwiper;
		};
/* End PBXContainerItemProxy section */

/* Begin PBXFileReference section */
		8011C5982AF5D64C00292467 /* ChartsSwiper.app */ = {isa = PBXFileReference; explicitFileType = wrapper.application; includeInIndex = 0; path = ChartsSwiper.app; sourceTree = BUILT_PRODUCTS_DIR; };
		8011C59B2AF5D64C00292467 /* ChartsSwiperApp.swift */ = {isa = PBXFileReference; lastKnownFileType = sourcecode.swift; path = ChartsSwiperApp.swift; sourceTree = "<group>"; };
		8011C59D2AF5D64C00292467 /* ContentView.swift */ = {isa = PBXFileReference; lastKnownFileType = sourcecode.swift; path = ContentView.swift; sourceTree = "<group>"; };
		8011C59F2AF5D64D00292467 /* Assets.xcassets */ = {isa = PBXFileReference; lastKnownFileType = folder.assetcatalog; path = Assets.xcassets; sourceTree = "<group>"; };
		8011C5A22AF5D64D00292467 /* Preview Assets.xcassets */ = {isa = PBXFileReference; lastKnownFileType = folder.assetcatalog; path = "Preview Assets.xcassets"; sourceTree = "<group>"; };
		8011C5A42AF5D64D00292467 /* Persistence.swift */ = {isa = PBXFileReference; lastKnownFileType = sourcecode.swift; path = Persistence.swift; sourceTree = "<group>"; };
		8011C5A72AF5D64D00292467 /* ChartsSwiper.xcdatamodel */ = {isa = PBXFileReference; lastKnownFileType = wrapper.xcdatamodel; path = ChartsSwiper.xcdatamodel; sourceTree = "<group>"; };
		8011C5AD2AF5D64D00292467 /* ChartsSwiperTests.xctest */ = {isa = PBXFileReference; explicitFileType = wrapper.cfbundle; includeInIndex = 0; path = ChartsSwiperTests.xctest; sourceTree = BUILT_PRODUCTS_DIR; };
		8011C5B12AF5D64D00292467 /* ChartsSwiperTests.swift */ = {isa = PBXFileReference; lastKnownFileType = sourcecode.swift; path = ChartsSwiperTests.swift; sourceTree = "<group>"; };
		8011C5B72AF5D64D00292467 /* ChartsSwiperUITests.xctest */ = {isa = PBXFileReference; explicitFileType = wrapper.cfbundle; includeInIndex = 0; path = ChartsSwiperUITests.xctest; sourceTree = BUILT_PRODUCTS_DIR; };
		8011C5BB2AF5D64D00292467 /* ChartsSwiperUITests.swift */ = {isa = PBXFileReference; lastKnownFileType = sourcecode.swift; path = ChartsSwiperUITests.swift; sourceTree = "<group>"; };
		8011C5BD2AF5D64D00292467 /* ChartsSwiperUITestsLaunchTests.swift */ = {isa = PBXFileReference; lastKnownFileType = sourcecode.swift; path = ChartsSwiperUITestsLaunchTests.swift; sourceTree = "<group>"; };
		8011C5CA2AF5D9FE00292467 /* CardView.swift */ = {isa = PBXFileReference; lastKnownFileType = sourcecode.swift; path = CardView.swift; sourceTree = "<group>"; };
		8011C5CD2AF6471D00292467 /* ViewController.swift */ = {isa = PBXFileReference; lastKnownFileType = sourcecode.swift; path = ViewController.swift; sourceTree = "<group>"; };
		8011C5CF2AF647D100292467 /* ViewModel.swift */ = {isa = PBXFileReference; lastKnownFileType = sourcecode.swift; path = ViewModel.swift; sourceTree = "<group>"; };
		8011C5D22AF6DDCA00292467 /* InvestmentView.swift */ = {isa = PBXFileReference; lastKnownFileType = sourcecode.swift; path = InvestmentView.swift; sourceTree = "<group>"; };
		8011C5D42AF6ECE000292467 /* westpac_icon */ = {isa = PBXFileReference; fileEncoding = 4; lastKnownFileType = text; path = westpac_icon; sourceTree = "<group>"; };
		8011C5D62AF6ED2D00292467 /* westpaccomau-icon.svg */ = {isa = PBXFileReference; fileEncoding = 4; lastKnownFileType = text; path = "westpaccomau-icon.svg"; sourceTree = "<group>"; };
		806845DB2AF71A1A005844EF /* animation_lokporsa.json */ = {isa = PBXFileReference; fileEncoding = 4; lastKnownFileType = text.json; path = animation_lokporsa.json; sourceTree = "<group>"; };
/* End PBXFileReference section */

/* Begin PBXFrameworksBuildPhase section */
		8011C5952AF5D64C00292467 /* Frameworks */ = {
			isa = PBXFrameworksBuildPhase;
			buildActionMask = 2147483647;
			files = (
			);
			runOnlyForDeploymentPostprocessing = 0;
		};
		8011C5AA2AF5D64D00292467 /* Frameworks */ = {
			isa = PBXFrameworksBuildPhase;
			buildActionMask = 2147483647;
			files = (
			);
			runOnlyForDeploymentPostprocessing = 0;
		};
		8011C5B42AF5D64D00292467 /* Frameworks */ = {
			isa = PBXFrameworksBuildPhase;
			buildActionMask = 2147483647;
			files = (
			);
			runOnlyForDeploymentPostprocessing = 0;
		};
/* End PBXFrameworksBuildPhase section */

/* Begin PBXGroup section */
		8011C58F2AF5D64C00292467 = {
			isa = PBXGroup;
			children = (
				8011C59A2AF5D64C00292467 /* ChartsSwiper */,
				8011C5B02AF5D64D00292467 /* ChartsSwiperTests */,
				8011C5BA2AF5D64D00292467 /* ChartsSwiperUITests */,
				8011C5992AF5D64C00292467 /* Products */,
			);
			sourceTree = "<group>";
		};
		8011C5992AF5D64C00292467 /* Products */ = {
			isa = PBXGroup;
			children = (
				8011C5982AF5D64C00292467 /* ChartsSwiper.app */,
				8011C5AD2AF5D64D00292467 /* ChartsSwiperTests.xctest */,
				8011C5B72AF5D64D00292467 /* ChartsSwiperUITests.xctest */,
			);
			name = Products;
			sourceTree = "<group>";
		};
		8011C59A2AF5D64C00292467 /* ChartsSwiper */ = {
			isa = PBXGroup;
			children = (
				8011C5D12AF647DE00292467 /* Model */,
				8011C5CC2AF5FA4600292467 /* Views */,
				8011C59B2AF5D64C00292467 /* ChartsSwiperApp.swift */,
				8011C59F2AF5D64D00292467 /* Assets.xcassets */,
				8011C5A42AF5D64D00292467 /* Persistence.swift */,
				8011C5A62AF5D64D00292467 /* ChartsSwiper.xcdatamodeld */,
				8011C5A12AF5D64D00292467 /* Preview Content */,
			);
			path = ChartsSwiper;
			sourceTree = "<group>";
		};
		8011C5A12AF5D64D00292467 /* Preview Content */ = {
			isa = PBXGroup;
			children = (
				806845DB2AF71A1A005844EF /* animation_lokporsa.json */,
				8011C5D62AF6ED2D00292467 /* westpaccomau-icon.svg */,
				8011C5D42AF6ECE000292467 /* westpac_icon */,
				8011C5A22AF5D64D00292467 /* Preview Assets.xcassets */,
			);
			path = "Preview Content";
			sourceTree = "<group>";
		};
		8011C5B02AF5D64D00292467 /* ChartsSwiperTests */ = {
			isa = PBXGroup;
			children = (
				8011C5B12AF5D64D00292467 /* ChartsSwiperTests.swift */,
			);
			path = ChartsSwiperTests;
			sourceTree = "<group>";
		};
		8011C5BA2AF5D64D00292467 /* ChartsSwiperUITests */ = {
			isa = PBXGroup;
			children = (
				8011C5BB2AF5D64D00292467 /* ChartsSwiperUITests.swift */,
				8011C5BD2AF5D64D00292467 /* ChartsSwiperUITestsLaunchTests.swift */,
			);
			path = ChartsSwiperUITests;
			sourceTree = "<group>";
		};
		8011C5CC2AF5FA4600292467 /* Views */ = {
			isa = PBXGroup;
			children = (
				8011C5CD2AF6471D00292467 /* ViewController.swift */,
				8011C59D2AF5D64C00292467 /* ContentView.swift */,
				8011C5CA2AF5D9FE00292467 /* CardView.swift */,
				8011C5D22AF6DDCA00292467 /* InvestmentView.swift */,
			);
			path = Views;
			sourceTree = "<group>";
		};
		8011C5D12AF647DE00292467 /* Model */ = {
			isa = PBXGroup;
			children = (
				8011C5CF2AF647D100292467 /* ViewModel.swift */,
			);
			path = Model;
			sourceTree = "<group>";
		};
/* End PBXGroup section */

/* Begin PBXNativeTarget section */
		8011C5972AF5D64C00292467 /* ChartsSwiper */ = {
			isa = PBXNativeTarget;
			buildConfigurationList = 8011C5C12AF5D64D00292467 /* Build configuration list for PBXNativeTarget "ChartsSwiper" */;
			buildPhases = (
				8011C5942AF5D64C00292467 /* Sources */,
				8011C5952AF5D64C00292467 /* Frameworks */,
				8011C5962AF5D64C00292467 /* Resources */,
			);
			buildRules = (
			);
			dependencies = (
			);
			name = ChartsSwiper;
			packageProductDependencies = (
			);
			productName = ChartsSwiper;
			productReference = 8011C5982AF5D64C00292467 /* ChartsSwiper.app */;
			productType = "com.apple.product-type.application";
		};
		8011C5AC2AF5D64D00292467 /* ChartsSwiperTests */ = {
			isa = PBXNativeTarget;
			buildConfigurationList = 8011C5C42AF5D64D00292467 /* Build configuration list for PBXNativeTarget "ChartsSwiperTests" */;
			buildPhases = (
				8011C5A92AF5D64D00292467 /* Sources */,
				8011C5AA2AF5D64D00292467 /* Frameworks */,
				8011C5AB2AF5D64D00292467 /* Resources */,
			);
			buildRules = (
			);
			dependencies = (
				8011C5AF2AF5D64D00292467 /* PBXTargetDependency */,
			);
			name = ChartsSwiperTests;
			productName = ChartsSwiperTests;
			productReference = 8011C5AD2AF5D64D00292467 /* ChartsSwiperTests.xctest */;
			productType = "com.apple.product-type.bundle.unit-test";
		};
		8011C5B62AF5D64D00292467 /* ChartsSwiperUITests */ = {
			isa = PBXNativeTarget;
			buildConfigurationList = 8011C5C72AF5D64D00292467 /* Build configuration list for PBXNativeTarget "ChartsSwiperUITests" */;
			buildPhases = (
				8011C5B32AF5D64D00292467 /* Sources */,
				8011C5B42AF5D64D00292467 /* Frameworks */,
				8011C5B52AF5D64D00292467 /* Resources */,
			);
			buildRules = (
			);
			dependencies = (
				8011C5B92AF5D64D00292467 /* PBXTargetDependency */,
			);
			name = ChartsSwiperUITests;
			productName = ChartsSwiperUITests;
			productReference = 8011C5B72AF5D64D00292467 /* ChartsSwiperUITests.xctest */;
			productType = "com.apple.product-type.bundle.ui-testing";
		};
/* End PBXNativeTarget section */

/* Begin PBXProject section */
		8011C5902AF5D64C00292467 /* Project object */ = {
			isa = PBXProject;
			attributes = {
				BuildIndependentTargetsInParallel = 1;
				LastSwiftUpdateCheck = 1430;
				LastUpgradeCheck = 1430;
				TargetAttributes = {
					8011C5972AF5D64C00292467 = {
						CreatedOnToolsVersion = 14.3;
					};
					8011C5AC2AF5D64D00292467 = {
						CreatedOnToolsVersion = 14.3;
						TestTargetID = 8011C5972AF5D64C00292467;
					};
					8011C5B62AF5D64D00292467 = {
						CreatedOnToolsVersion = 14.3;
						TestTargetID = 8011C5972AF5D64C00292467;
					};
				};
			};
			buildConfigurationList = 8011C5932AF5D64C00292467 /* Build configuration list for PBXProject "ChartsSwiper" */;
			compatibilityVersion = "Xcode 14.0";
			developmentRegion = en;
			hasScannedForEncodings = 0;
			knownRegions = (
				en,
				Base,
			);
			mainGroup = 8011C58F2AF5D64C00292467;
			packageReferences = (
			);
			productRefGroup = 8011C5992AF5D64C00292467 /* Products */;
			projectDirPath = "";
			projectRoot = "";
			targets = (
				8011C5972AF5D64C00292467 /* ChartsSwiper */,
				8011C5AC2AF5D64D00292467 /* ChartsSwiperTests */,
				8011C5B62AF5D64D00292467 /* ChartsSwiperUITests */,
			);
		};
/* End PBXProject section */

/* Begin PBXResourcesBuildPhase section */
		8011C5962AF5D64C00292467 /* Resources */ = {
			isa = PBXResourcesBuildPhase;
			buildActionMask = 2147483647;
			files = (
				806845DC2AF71A1A005844EF /* animation_lokporsa.json in Resources */,
				8011C5A32AF5D64D00292467 /* Preview Assets.xcassets in Resources */,
				8011C5D72AF6ED2D00292467 /* westpaccomau-icon.svg in Resources */,
				8011C5D52AF6ECE000292467 /* westpac_icon in Resources */,
				8011C5A02AF5D64D00292467 /* Assets.xcassets in Resources */,
			);
			runOnlyForDeploymentPostprocessing = 0;
		};
		8011C5AB2AF5D64D00292467 /* Resources */ = {
			isa = PBXResourcesBuildPhase;
			buildActionMask = 2147483647;
			files = (
			);
			runOnlyForDeploymentPostprocessing = 0;
		};
		8011C5B52AF5D64D00292467 /* Resources */ = {
			isa = PBXResourcesBuildPhase;
			buildActionMask = 2147483647;
			files = (
			);
			runOnlyForDeploymentPostprocessing = 0;
		};
/* End PBXResourcesBuildPhase section */

/* Begin PBXSourcesBuildPhase section */
		8011C5942AF5D64C00292467 /* Sources */ = {
			isa = PBXSourcesBuildPhase;
			buildActionMask = 2147483647;
			files = (
				8011C5CE2AF6471D00292467 /* ViewController.swift in Sources */,
				8011C5A82AF5D64D00292467 /* ChartsSwiper.xcdatamodeld in Sources */,
				8011C5A52AF5D64D00292467 /* Persistence.swift in Sources */,
				8011C59E2AF5D64C00292467 /* ContentView.swift in Sources */,
				8011C59C2AF5D64C00292467 /* ChartsSwiperApp.swift in Sources */,
				8011C5CB2AF5D9FE00292467 /* CardView.swift in Sources */,
				8011C5D02AF647D100292467 /* ViewModel.swift in Sources */,
				8011C5D32AF6DDCA00292467 /* InvestmentView.swift in Sources */,
			);
			runOnlyForDeploymentPostprocessing = 0;
		};
		8011C5A92AF5D64D00292467 /* Sources */ = {
			isa = PBXSourcesBuildPhase;
			buildActionMask = 2147483647;
			files = (
				8011C5B22AF5D64D00292467 /* ChartsSwiperTests.swift in Sources */,
			);
			runOnlyForDeploymentPostprocessing = 0;
		};
		8011C5B32AF5D64D00292467 /* Sources */ = {
			isa = PBXSourcesBuildPhase;
			buildActionMask = 2147483647;
			files = (
				8011C5BC2AF5D64D00292467 /* ChartsSwiperUITests.swift in Sources */,
				8011C5BE2AF5D64D00292467 /* ChartsSwiperUITestsLaunchTests.swift in Sources */,
			);
			runOnlyForDeploymentPostprocessing = 0;
		};
/* End PBXSourcesBuildPhase section */

/* Begin PBXTargetDependency section */
		8011C5AF2AF5D64D00292467 /* PBXTargetDependency */ = {
			isa = PBXTargetDependency;
			target = 8011C5972AF5D64C00292467 /* ChartsSwiper */;
			targetProxy = 8011C5AE2AF5D64D00292467 /* PBXContainerItemProxy */;
		};
		8011C5B92AF5D64D00292467 /* PBXTargetDependency */ = {
			isa = PBXTargetDependency;
			target = 8011C5972AF5D64C00292467 /* ChartsSwiper */;
			targetProxy = 8011C5B82AF5D64D00292467 /* PBXContainerItemProxy */;
		};
/* End PBXTargetDependency section */

/* Begin XCBuildConfiguration section */
		8011C5BF2AF5D64D00292467 /* Debug */ = {
			isa = XCBuildConfiguration;
			buildSettings = {
				ALWAYS_SEARCH_USER_PATHS = NO;
				CLANG_ANALYZER_NONNULL = YES;
				CLANG_ANALYZER_NUMBER_OBJECT_CONVERSION = YES_AGGRESSIVE;
				CLANG_CXX_LANGUAGE_STANDARD = "gnu++20";
				CLANG_ENABLE_MODULES = YES;
				CLANG_ENABLE_OBJC_ARC = YES;
				CLANG_ENABLE_OBJC_WEAK = YES;
				CLANG_WARN_BLOCK_CAPTURE_AUTORELEASING = YES;
				CLANG_WARN_BOOL_CONVERSION = YES;
				CLANG_WARN_COMMA = YES;
				CLANG_WARN_CONSTANT_CONVERSION = YES;
				CLANG_WARN_DEPRECATED_OBJC_IMPLEMENTATIONS = YES;
				CLANG_WARN_DIRECT_OBJC_ISA_USAGE = YES_ERROR;
				CLANG_WARN_DOCUMENTATION_COMMENTS = YES;
				CLANG_WARN_EMPTY_BODY = YES;
				CLANG_WARN_ENUM_CONVERSION = YES;
				CLANG_WARN_INFINITE_RECURSION = YES;
				CLANG_WARN_INT_CONVERSION = YES;
				CLANG_WARN_NON_LITERAL_NULL_CONVERSION = YES;
				CLANG_WARN_OBJC_IMPLICIT_RETAIN_SELF = YES;
				CLANG_WARN_OBJC_LITERAL_CONVERSION = YES;
				CLANG_WARN_OBJC_ROOT_CLASS = YES_ERROR;
				CLANG_WARN_QUOTED_INCLUDE_IN_FRAMEWORK_HEADER = YES;
				CLANG_WARN_RANGE_LOOP_ANALYSIS = YES;
				CLANG_WARN_STRICT_PROTOTYPES = YES;
				CLANG_WARN_SUSPICIOUS_MOVE = YES;
				CLANG_WARN_UNGUARDED_AVAILABILITY = YES_AGGRESSIVE;
				CLANG_WARN_UNREACHABLE_CODE = YES;
				CLANG_WARN__DUPLICATE_METHOD_MATCH = YES;
				COPY_PHASE_STRIP = NO;
				DEBUG_INFORMATION_FORMAT = dwarf;
				ENABLE_STRICT_OBJC_MSGSEND = YES;
				ENABLE_TESTABILITY = YES;
				GCC_C_LANGUAGE_STANDARD = gnu11;
				GCC_DYNAMIC_NO_PIC = NO;
				GCC_NO_COMMON_BLOCKS = YES;
				GCC_OPTIMIZATION_LEVEL = 0;
				GCC_PREPROCESSOR_DEFINITIONS = (
					"DEBUG=1",
					"$(inherited)",
				);
				GCC_WARN_64_TO_32_BIT_CONVERSION = YES;
				GCC_WARN_ABOUT_RETURN_TYPE = YES_ERROR;
				GCC_WARN_UNDECLARED_SELECTOR = YES;
				GCC_WARN_UNINITIALIZED_AUTOS = YES_AGGRESSIVE;
				GCC_WARN_UNUSED_FUNCTION = YES;
				GCC_WARN_UNUSED_VARIABLE = YES;
				IPHONEOS_DEPLOYMENT_TARGET = 16.4;
				MTL_ENABLE_DEBUG_INFO = INCLUDE_SOURCE;
				MTL_FAST_MATH = YES;
				ONLY_ACTIVE_ARCH = YES;
				SDKROOT = iphoneos;
				SWIFT_ACTIVE_COMPILATION_CONDITIONS = DEBUG;
				SWIFT_OPTIMIZATION_LEVEL = "-Onone";
			};
			name = Debug;
		};
		8011C5C02AF5D64D00292467 /* Release */ = {
			isa = XCBuildConfiguration;
			buildSettings = {
				ALWAYS_SEARCH_USER_PATHS = NO;
				CLANG_ANALYZER_NONNULL = YES;
				CLANG_ANALYZER_NUMBER_OBJECT_CONVERSION = YES_AGGRESSIVE;
				CLANG_CXX_LANGUAGE_STANDARD = "gnu++20";
				CLANG_ENABLE_MODULES = YES;
				CLANG_ENABLE_OBJC_ARC = YES;
				CLANG_ENABLE_OBJC_WEAK = YES;
				CLANG_WARN_BLOCK_CAPTURE_AUTORELEASING = YES;
				CLANG_WARN_BOOL_CONVERSION = YES;
				CLANG_WARN_COMMA = YES;
				CLANG_WARN_CONSTANT_CONVERSION = YES;
				CLANG_WARN_DEPRECATED_OBJC_IMPLEMENTATIONS = YES;
				CLANG_WARN_DIRECT_OBJC_ISA_USAGE = YES_ERROR;
				CLANG_WARN_DOCUMENTATION_COMMENTS = YES;
				CLANG_WARN_EMPTY_BODY = YES;
				CLANG_WARN_ENUM_CONVERSION = YES;
				CLANG_WARN_INFINITE_RECURSION = YES;
				CLANG_WARN_INT_CONVERSION = YES;
				CLANG_WARN_NON_LITERAL_NULL_CONVERSION = YES;
				CLANG_WARN_OBJC_IMPLICIT_RETAIN_SELF = YES;
				CLANG_WARN_OBJC_LITERAL_CONVERSION = YES;
				CLANG_WARN_OBJC_ROOT_CLASS = YES_ERROR;
				CLANG_WARN_QUOTED_INCLUDE_IN_FRAMEWORK_HEADER = YES;
				CLANG_WARN_RANGE_LOOP_ANALYSIS = YES;
				CLANG_WARN_STRICT_PROTOTYPES = YES;
				CLANG_WARN_SUSPICIOUS_MOVE = YES;
				CLANG_WARN_UNGUARDED_AVAILABILITY = YES_AGGRESSIVE;
				CLANG_WARN_UNREACHABLE_CODE = YES;
				CLANG_WARN__DUPLICATE_METHOD_MATCH = YES;
				COPY_PHASE_STRIP = NO;
				DEBUG_INFORMATION_FORMAT = "dwarf-with-dsym";
				ENABLE_NS_ASSERTIONS = NO;
				ENABLE_STRICT_OBJC_MSGSEND = YES;
				GCC_C_LANGUAGE_STANDARD = gnu11;
				GCC_NO_COMMON_BLOCKS = YES;
				GCC_WARN_64_TO_32_BIT_CONVERSION = YES;
				GCC_WARN_ABOUT_RETURN_TYPE = YES_ERROR;
				GCC_WARN_UNDECLARED_SELECTOR = YES;
				GCC_WARN_UNINITIALIZED_AUTOS = YES_AGGRESSIVE;
				GCC_WARN_UNUSED_FUNCTION = YES;
				GCC_WARN_UNUSED_VARIABLE = YES;
				IPHONEOS_DEPLOYMENT_TARGET = 16.4;
				MTL_ENABLE_DEBUG_INFO = NO;
				MTL_FAST_MATH = YES;
				SDKROOT = iphoneos;
				SWIFT_COMPILATION_MODE = wholemodule;
				SWIFT_OPTIMIZATION_LEVEL = "-O";
				VALIDATE_PRODUCT = YES;
			};
			name = Release;
		};
		8011C5C22AF5D64D00292467 /* Debug */ = {
			isa = XCBuildConfiguration;
			buildSettings = {
				ASSETCATALOG_COMPILER_APPICON_NAME = AppIcon;
				ASSETCATALOG_COMPILER_GLOBAL_ACCENT_COLOR_NAME = AccentColor;
				CODE_SIGN_STYLE = Automatic;
				CURRENT_PROJECT_VERSION = 1;
				DEVELOPMENT_ASSET_PATHS = "\"ChartsSwiper/Preview Content\"";
				ENABLE_PREVIEWS = YES;
				GENERATE_INFOPLIST_FILE = YES;
				INFOPLIST_KEY_UIApplicationSceneManifest_Generation = YES;
				INFOPLIST_KEY_UIApplicationSupportsIndirectInputEvents = YES;
				INFOPLIST_KEY_UILaunchScreen_Generation = YES;
				INFOPLIST_KEY_UISupportedInterfaceOrientations_iPad = "UIInterfaceOrientationPortrait UIInterfaceOrientationPortraitUpsideDown UIInterfaceOrientationLandscapeLeft UIInterfaceOrientationLandscapeRight";
				INFOPLIST_KEY_UISupportedInterfaceOrientations_iPhone = "UIInterfaceOrientationPortrait UIInterfaceOrientationLandscapeLeft UIInterfaceOrientationLandscapeRight";
				LD_RUNPATH_SEARCH_PATHS = (
					"$(inherited)",
					"@executable_path/Frameworks",
				);
				MARKETING_VERSION = 1.0;
				PRODUCT_BUNDLE_IDENTIFIER = com.JakobOssmann.ChartsSwiper;
				PRODUCT_NAME = "$(TARGET_NAME)";
				SWIFT_EMIT_LOC_STRINGS = YES;
				SWIFT_VERSION = 5.0;
				TARGETED_DEVICE_FAMILY = "1,2";
			};
			name = Debug;
		};
		8011C5C32AF5D64D00292467 /* Release */ = {
			isa = XCBuildConfiguration;
			buildSettings = {
				ASSETCATALOG_COMPILER_APPICON_NAME = AppIcon;
				ASSETCATALOG_COMPILER_GLOBAL_ACCENT_COLOR_NAME = AccentColor;
				CODE_SIGN_STYLE = Automatic;
				CURRENT_PROJECT_VERSION = 1;
				DEVELOPMENT_ASSET_PATHS = "\"ChartsSwiper/Preview Content\"";
				ENABLE_PREVIEWS = YES;
				GENERATE_INFOPLIST_FILE = YES;
				INFOPLIST_KEY_UIApplicationSceneManifest_Generation = YES;
				INFOPLIST_KEY_UIApplicationSupportsIndirectInputEvents = YES;
				INFOPLIST_KEY_UILaunchScreen_Generation = YES;
				INFOPLIST_KEY_UISupportedInterfaceOrientations_iPad = "UIInterfaceOrientationPortrait UIInterfaceOrientationPortraitUpsideDown UIInterfaceOrientationLandscapeLeft UIInterfaceOrientationLandscapeRight";
				INFOPLIST_KEY_UISupportedInterfaceOrientations_iPhone = "UIInterfaceOrientationPortrait UIInterfaceOrientationLandscapeLeft UIInterfaceOrientationLandscapeRight";
				LD_RUNPATH_SEARCH_PATHS = (
					"$(inherited)",
					"@executable_path/Frameworks",
				);
				MARKETING_VERSION = 1.0;
				PRODUCT_BUNDLE_IDENTIFIER = com.JakobOssmann.ChartsSwiper;
				PRODUCT_NAME = "$(TARGET_NAME)";
				SWIFT_EMIT_LOC_STRINGS = YES;
				SWIFT_VERSION = 5.0;
				TARGETED_DEVICE_FAMILY = "1,2";
			};
			name = Release;
		};
		8011C5C52AF5D64D00292467 /* Debug */ = {
			isa = XCBuildConfiguration;
			buildSettings = {
				ALWAYS_EMBED_SWIFT_STANDARD_LIBRARIES = YES;
				BUNDLE_LOADER = "$(TEST_HOST)";
				CODE_SIGN_STYLE = Automatic;
				CURRENT_PROJECT_VERSION = 1;
				GENERATE_INFOPLIST_FILE = YES;
				IPHONEOS_DEPLOYMENT_TARGET = 16.4;
				MARKETING_VERSION = 1.0;
				PRODUCT_BUNDLE_IDENTIFIER = com.JakobOssmann.ChartsSwiperTests;
				PRODUCT_NAME = "$(TARGET_NAME)";
				SWIFT_EMIT_LOC_STRINGS = NO;
				SWIFT_VERSION = 5.0;
				TARGETED_DEVICE_FAMILY = "1,2";
				TEST_HOST = "$(BUILT_PRODUCTS_DIR)/ChartsSwiper.app/$(BUNDLE_EXECUTABLE_FOLDER_PATH)/ChartsSwiper";
			};
			name = Debug;
		};
		8011C5C62AF5D64D00292467 /* Release */ = {
			isa = XCBuildConfiguration;
			buildSettings = {
				ALWAYS_EMBED_SWIFT_STANDARD_LIBRARIES = YES;
				BUNDLE_LOADER = "$(TEST_HOST)";
				CODE_SIGN_STYLE = Automatic;
				CURRENT_PROJECT_VERSION = 1;
				GENERATE_INFOPLIST_FILE = YES;
				IPHONEOS_DEPLOYMENT_TARGET = 16.4;
				MARKETING_VERSION = 1.0;
				PRODUCT_BUNDLE_IDENTIFIER = com.JakobOssmann.ChartsSwiperTests;
				PRODUCT_NAME = "$(TARGET_NAME)";
				SWIFT_EMIT_LOC_STRINGS = NO;
				SWIFT_VERSION = 5.0;
				TARGETED_DEVICE_FAMILY = "1,2";
				TEST_HOST = "$(BUILT_PRODUCTS_DIR)/ChartsSwiper.app/$(BUNDLE_EXECUTABLE_FOLDER_PATH)/ChartsSwiper";
			};
			name = Release;
		};
		8011C5C82AF5D64D00292467 /* Debug */ = {
			isa = XCBuildConfiguration;
			buildSettings = {
				ALWAYS_EMBED_SWIFT_STANDARD_LIBRARIES = YES;
				CODE_SIGN_STYLE = Automatic;
				CURRENT_PROJECT_VERSION = 1;
				GENERATE_INFOPLIST_FILE = YES;
				MARKETING_VERSION = 1.0;
				PRODUCT_BUNDLE_IDENTIFIER = com.JakobOssmann.ChartsSwiperUITests;
				PRODUCT_NAME = "$(TARGET_NAME)";
				SWIFT_EMIT_LOC_STRINGS = NO;
				SWIFT_VERSION = 5.0;
				TARGETED_DEVICE_FAMILY = "1,2";
				TEST_TARGET_NAME = ChartsSwiper;
			};
			name = Debug;
		};
		8011C5C92AF5D64D00292467 /* Release */ = {
			isa = XCBuildConfiguration;
			buildSettings = {
				ALWAYS_EMBED_SWIFT_STANDARD_LIBRARIES = YES;
				CODE_SIGN_STYLE = Automatic;
				CURRENT_PROJECT_VERSION = 1;
				GENERATE_INFOPLIST_FILE = YES;
				MARKETING_VERSION = 1.0;
				PRODUCT_BUNDLE_IDENTIFIER = com.JakobOssmann.ChartsSwiperUITests;
				PRODUCT_NAME = "$(TARGET_NAME)";
				SWIFT_EMIT_LOC_STRINGS = NO;
				SWIFT_VERSION = 5.0;
				TARGETED_DEVICE_FAMILY = "1,2";
				TEST_TARGET_NAME = ChartsSwiper;
			};
			name = Release;
		};
/* End XCBuildConfiguration section */

/* Begin XCConfigurationList section */
		8011C5932AF5D64C00292467 /* Build configuration list for PBXProject "ChartsSwiper" */ = {
			isa = XCConfigurationList;
			buildConfigurations = (
				8011C5BF2AF5D64D00292467 /* Debug */,
				8011C5C02AF5D64D00292467 /* Release */,
			);
			defaultConfigurationIsVisible = 0;
			defaultConfigurationName = Release;
		};
		8011C5C12AF5D64D00292467 /* Build configuration list for PBXNativeTarget "ChartsSwiper" */ = {
			isa = XCConfigurationList;
			buildConfigurations = (
				8011C5C22AF5D64D00292467 /* Debug */,
				8011C5C32AF5D64D00292467 /* Release */,
			);
			defaultConfigurationIsVisible = 0;
			defaultConfigurationName = Release;
		};
		8011C5C42AF5D64D00292467 /* Build configuration list for PBXNativeTarget "ChartsSwiperTests" */ = {
			isa = XCConfigurationList;
			buildConfigurations = (
				8011C5C52AF5D64D00292467 /* Debug */,
				8011C5C62AF5D64D00292467 /* Release */,
			);
			defaultConfigurationIsVisible = 0;
			defaultConfigurationName = Release;
		};
		8011C5C72AF5D64D00292467 /* Build configuration list for PBXNativeTarget "ChartsSwiperUITests" */ = {
			isa = XCConfigurationList;
			buildConfigurations = (
				8011C5C82AF5D64D00292467 /* Debug */,
				8011C5C92AF5D64D00292467 /* Release */,
			);
			defaultConfigurationIsVisible = 0;
			defaultConfigurationName = Release;
		};
/* End XCConfigurationList section */

/* Begin XCVersionGroup section */
		8011C5A62AF5D64D00292467 /* ChartsSwiper.xcdatamodeld */ = {
			isa = XCVersionGroup;
			children = (
				8011C5A72AF5D64D00292467 /* ChartsSwiper.xcdatamodel */,
			);
			currentVersion = 8011C5A72AF5D64D00292467 /* ChartsSwiper.xcdatamodel */;
			path = ChartsSwiper.xcdatamodeld;
			sourceTree = "<group>";
			versionGroupType = wrapper.xcdatamodel;
		};
/* End XCVersionGroup section */
	};
	rootObject = 8011C5902AF5D64C00292467 /* Project object */;
}
